
Microsoft Visual Studio Solution File, Format Version 12.00
# Visual Studio Version 17
VisualStudioVersion = 17.3.32611.2
MinimumVisualStudioVersion = 10.0.40219.1
Project("{9A19103F-16F7-4668-BE54-9A1E7A4F7556}") = "BH.Tests", "BH.Tests\BH.Tests.csproj", "{040C7A56-92C3-45F6-A5B7-B318DB79D09A}"
EndProject
Project("{9A19103F-16F7-4668-BE54-9A1E7A4F7556}") = "BH.Domain", "BH.Domain\BH.Domain.csproj", "{ED2F50E6-827F-47C4-8752-71AC1935445B}"
EndProject
Project("{9A19103F-16F7-4668-BE54-9A1E7A4F7556}") = "BH.Data", "BH.Data\BH.Data.csproj", "{BC5FF814-69E9-454D-8E38-ED034A54F43C}"
EndProject
Project("{9A19103F-16F7-4668-BE54-9A1E7A4F7556}") = "BH.Application", "BH.Application\BH.Application.csproj", "{61AE9FFC-361C-4B02-892C-DCB0DF718062}"
EndProject
Project("{9A19103F-16F7-4668-BE54-9A1E7A4F7556}") = "BH.Infrastructure", "BH.Infrastructure\BH.Infrastructure.csproj", "{E0F94E55-1675-4963-B557-F49FA9F929A2}"
EndProject
Project("{2150E333-8FDC-42A3-9474-1A3956D46DE8}") = "Applications", "Applications", "{B48A6CCE-732C-435A-A34D-67EA9BFCF66E}"
EndProject
Project("{9A19103F-16F7-4668-BE54-9A1E7A4F7556}") = "BH.Importer", "BH.Importer\BH.Importer.csproj", "{4AD44952-5A0A-4407-A52D-D8AD51A2296F}"
EndProject
Project("{2150E333-8FDC-42A3-9474-1A3956D46DE8}") = "Solution Items", "Solution Items", "{9F596E96-C219-442B-9C04-4D526184AB4C}"
	ProjectSection(SolutionItems) = preProject
		ReadMe.md = ReadMe.md
	EndProjectSection
EndProject
Project("{FAE04EC0-301F-11D3-BF4B-00C04F79EFBC}") = "BH.TelegramBot.Service", "BH.TelegramBot.Service\BH.TelegramBot.Service.csproj", "{810D6BA6-6C90-42CB-A560-73F1E94775F3}"
EndProject
Global
	GlobalSection(SolutionConfigurationPlatforms) = preSolution
		Debug|Any CPU = Debug|Any CPU
		Release|Any CPU = Release|Any CPU
	EndGlobalSection
	GlobalSection(ProjectConfigurationPlatforms) = postSolution
		{040C7A56-92C3-45F6-A5B7-B318DB79D09A}.Debug|Any CPU.ActiveCfg = Debug|Any CPU
		{040C7A56-92C3-45F6-A5B7-B318DB79D09A}.Debug|Any CPU.Build.0 = Debug|Any CPU
		{040C7A56-92C3-45F6-A5B7-B318DB79D09A}.Release|Any CPU.ActiveCfg = Release|Any CPU
		{040C7A56-92C3-45F6-A5B7-B318DB79D09A}.Release|Any CPU.Build.0 = Release|Any CPU
		{ED2F50E6-827F-47C4-8752-71AC1935445B}.Debug|Any CPU.ActiveCfg = Debug|Any CPU
		{ED2F50E6-827F-47C4-8752-71AC1935445B}.Debug|Any CPU.Build.0 = Debug|Any CPU
		{ED2F50E6-827F-47C4-8752-71AC1935445B}.Release|Any CPU.ActiveCfg = Release|Any CPU
		{ED2F50E6-827F-47C4-8752-71AC1935445B}.Release|Any CPU.Build.0 = Release|Any CPU
		{BC5FF814-69E9-454D-8E38-ED034A54F43C}.Debug|Any CPU.ActiveCfg = Debug|Any CPU
		{BC5FF814-69E9-454D-8E38-ED034A54F43C}.Debug|Any CPU.Build.0 = Debug|Any CPU
		{BC5FF814-69E9-454D-8E38-ED034A54F43C}.Release|Any CPU.ActiveCfg = Release|Any CPU
		{BC5FF814-69E9-454D-8E38-ED034A54F43C}.Release|Any CPU.Build.0 = Release|Any CPU
		{61AE9FFC-361C-4B02-892C-DCB0DF718062}.Debug|Any CPU.ActiveCfg = Debug|Any CPU
		{61AE9FFC-361C-4B02-892C-DCB0DF718062}.Debug|Any CPU.Build.0 = Debug|Any CPU
		{61AE9FFC-361C-4B02-892C-DCB0DF718062}.Release|Any CPU.ActiveCfg = Release|Any CPU
		{61AE9FFC-361C-4B02-892C-DCB0DF718062}.Release|Any CPU.Build.0 = Release|Any CPU
		{E0F94E55-1675-4963-B557-F49FA9F929A2}.Debug|Any CPU.ActiveCfg = Debug|Any CPU
		{E0F94E55-1675-4963-B557-F49FA9F929A2}.Debug|Any CPU.Build.0 = Debug|Any CPU
		{E0F94E55-1675-4963-B557-F49FA9F929A2}.Release|Any CPU.ActiveCfg = Release|Any CPU
		{E0F94E55-1675-4963-B557-F49FA9F929A2}.Release|Any CPU.Build.0 = Release|Any CPU
		{4AD44952-5A0A-4407-A52D-D8AD51A2296F}.Debug|Any CPU.ActiveCfg = Debug|Any CPU
		{4AD44952-5A0A-4407-A52D-D8AD51A2296F}.Debug|Any CPU.Build.0 = Debug|Any CPU
		{4AD44952-5A0A-4407-A52D-D8AD51A2296F}.Release|Any CPU.ActiveCfg = Release|Any CPU
		{4AD44952-5A0A-4407-A52D-D8AD51A2296F}.Release|Any CPU.Build.0 = Release|Any CPU
		{810D6BA6-6C90-42CB-A560-73F1E94775F3}.Debug|Any CPU.ActiveCfg = Debug|Any CPU
		{810D6BA6-6C90-42CB-A560-73F1E94775F3}.Debug|Any CPU.Build.0 = Debug|Any CPU
		{810D6BA6-6C90-42CB-A560-73F1E94775F3}.Release|Any CPU.ActiveCfg = Release|Any CPU
		{810D6BA6-6C90-42CB-A560-73F1E94775F3}.Release|Any CPU.Build.0 = Release|Any CPU
	EndGlobalSection
	GlobalSection(SolutionProperties) = preSolution
		HideSolutionNode = FALSE
	EndGlobalSection
	GlobalSection(NestedProjects) = preSolution
		{4AD44952-5A0A-4407-A52D-D8AD51A2296F} = {B48A6CCE-732C-435A-A34D-67EA9BFCF66E}
		{810D6BA6-6C90-42CB-A560-73F1E94775F3} = {B48A6CCE-732C-435A-A34D-67EA9BFCF66E}
	EndGlobalSection
	GlobalSection(ExtensibilityGlobals) = postSolution
		SolutionGuid = {2640F705-ECBB-476C-9813-4F3FC9AEDBC1}
	EndGlobalSection
EndGlobal
